
Microsoft Visual Studio Solution File, Format Version 12.00
# Visual Studio Version 17
VisualStudioVersion = 17.4.33205.214
MinimumVisualStudioVersion = 10.0.40219.1
Project("{8BC9CEB8-8B4A-11D0-8D11-00A0C91BC942}") = "lab_4_first_part", "lab_4_first_part\lab_4_first_part.vcxproj", "{B449E4F3-70C4-4A88-962D-72C84D101AE3}"
EndProject
Global
	GlobalSection(SolutionConfigurationPlatforms) = preSolution
		Debug|x64 = Debug|x64
		Debug|x86 = Debug|x86
		Release|x64 = Release|x64
		Release|x86 = Release|x86
	EndGlobalSection
	GlobalSection(ProjectConfigurationPlatforms) = postSolution
		{B449E4F3-70C4-4A88-962D-72C84D101AE3}.Debug|x64.ActiveCfg = Debug|x64
		{B449E4F3-70C4-4A88-962D-72C84D101AE3}.Debug|x64.Build.0 = Debug|x64
		{B449E4F3-70C4-4A88-962D-72C84D101AE3}.Debug|x86.ActiveCfg = Debug|Win32
		{B449E4F3-70C4-4A88-962D-72C84D101AE3}.Debug|x86.Build.0 = Debug|Win32
		{B449E4F3-70C4-4A88-962D-72C84D101AE3}.Release|x64.ActiveCfg = Release|x64
		{B449E4F3-70C4-4A88-962D-72C84D101AE3}.Release|x64.Build.0 = Release|x64
		{B449E4F3-70C4-4A88-962D-72C84D101AE3}.Release|x86.ActiveCfg = Release|Win32
		{B449E4F3-70C4-4A88-962D-72C84D101AE3}.Release|x86.Build.0 = Release|Win32
	EndGlobalSection
	GlobalSection(SolutionProperties) = preSolution
		HideSolutionNode = FALSE
	EndGlobalSection
	GlobalSection(ExtensibilityGlobals) = postSolution
		SolutionGuid = {65FE429F-3AF2-44CA-8D6B-EC8B6BD205D1}
	EndGlobalSection
EndGlobal
